// !$*UTF8*$!
{
	archiveVersion = 1;
	classes = {
	};
	objectVersion = 77;
	objects = {

/* Begin PBXBuildFile section */
		031801251F874CE82ABEFAC8 /* AppSettingsSDCardTests.swift in Sources */ = {isa = PBXBuildFile; fileRef = 01B8DD6E89E2EB246C06AA2F /* AppSettingsSDCardTests.swift */; };
		03A356792358F22F5CF85514 /* PipelineRunnerMetadataTests.swift in Sources */ = {isa = PBXBuildFile; fileRef = 9DEE083780895ED14CBEB130 /* PipelineRunnerMetadataTests.swift */; };
		0A254571BE69397054E47C89 /* HDREngine.swift in Sources */ = {isa = PBXBuildFile; fileRef = 881974C88BC24DB7A88BFDB5 /* HDREngine.swift */; };
		0A920AE3F7F2BF2E2C1A141A /* NotesManager.swift in Sources */ = {isa = PBXBuildFile; fileRef = A744F8E9CC36AC9DFDE19C79 /* NotesManager.swift */; };
		0BC4E6F7B5881C02478E834F /* TranslationService.swift in Sources */ = {isa = PBXBuildFile; fileRef = 946EF029FC6B8E82370D3CED /* TranslationService.swift */; };
		0D48002A6E2A57144C384E9A /* CalendarService.swift in Sources */ = {isa = PBXBuildFile; fileRef = 7CFA4B712D2C1C7EB5465997 /* CalendarService.swift */; };
		0DA02DBD56174A0784297599 /* PipelineRunner+Culling.swift in Sources */ = {isa = PBXBuildFile; fileRef = 5E415E22A558BC52CAA2A98E /* PipelineRunner+Culling.swift */; };
		0F6B2A6A185C80AEDD89611B /* PhotoItem.swift in Sources */ = {isa = PBXBuildFile; fileRef = 81818FB45B057F04C0487565 /* PhotoItem.swift */; };
		0F80E6F85550AF9B6387D636 /* ProcessCancellationBoxTests.swift in Sources */ = {isa = PBXBuildFile; fileRef = 8F5619320F3617DDF430B6C8 /* ProcessCancellationBoxTests.swift */; };
		108B328AE8B95041422CC2DE /* RAWRendererTests.swift in Sources */ = {isa = PBXBuildFile; fileRef = 1232E269C2AE3EC7F7B9017B /* RAWRendererTests.swift */; };
		11EF61AE9F95C30FF9E40E63 /* ToolLocator.swift in Sources */ = {isa = PBXBuildFile; fileRef = B05548288B2EBB830BA02C5E /* ToolLocator.swift */; };
		141C35E348C121F5A5419E43 /* ProcessRunner.swift in Sources */ = {isa = PBXBuildFile; fileRef = 786C7DA81AF1DAB9E76EF216 /* ProcessRunner.swift */; };
		16E4F2B124398CEDA374CDF1 /* PhotoDescriptionServiceTests.swift in Sources */ = {isa = PBXBuildFile; fileRef = 6FFE0FA0AB9D91699FB3FE5C /* PhotoDescriptionServiceTests.swift */; };
		1AFF966D2C5667ACE1F566E6 /* AITagsStoreTests.swift in Sources */ = {isa = PBXBuildFile; fileRef = DC882BFAAABBA22B86CEBFCB /* AITagsStoreTests.swift */; };
		1C3E7FBDFF194E6627C3610B /* PipelineRunner+Previews.swift in Sources */ = {isa = PBXBuildFile; fileRef = D339827929C97F1ECCE40F1B /* PipelineRunner+Previews.swift */; };
		1D3E74541BEE9797B0CCF2AD /* BracketAnalyzer.swift in Sources */ = {isa = PBXBuildFile; fileRef = 6BEACCFCA1D65C2CB03FB654 /* BracketAnalyzer.swift */; };
		1DC634D2BEBD40662EB3A3EF /* AddressSessionLoaderTests.swift in Sources */ = {isa = PBXBuildFile; fileRef = A3E25E83A736CE72A8397681 /* AddressSessionLoaderTests.swift */; };
		1DCBC2CE6B96D60DA5417507 /* AddressSessionEntity.swift in Sources */ = {isa = PBXBuildFile; fileRef = A3E9E6F534CFBD26583F5CDB /* AddressSessionEntity.swift */; };
		1E93AFB7726AF98B211ECFF2 /* StepStatusTests.swift in Sources */ = {isa = PBXBuildFile; fileRef = 522CA5C3C17A8E64E615BF3F /* StepStatusTests.swift */; };
		220473BEF62812870BB7435C /* ShowReviewIntent.swift in Sources */ = {isa = PBXBuildFile; fileRef = 3A0A7827D86EA12C4E5D679B /* ShowReviewIntent.swift */; };
		2426E63F1EF24FE42444257F /* PipelineRunner+Metadata.swift in Sources */ = {isa = PBXBuildFile; fileRef = 18FEAA9B84EC62BC44C9AEB6 /* PipelineRunner+Metadata.swift */; };
		27554CDFAA48F1DB3AD0F72F /* RAWRenderer.swift in Sources */ = {isa = PBXBuildFile; fileRef = 8873C4CE06787497464EE6E6 /* RAWRenderer.swift */; };
		2B4826D74AF5BBF694349A19 /* DictationServiceTests.swift in Sources */ = {isa = PBXBuildFile; fileRef = C8C117DD311BF15484E64F9F /* DictationServiceTests.swift */; };
		2C5BBA7F4AD7146E61BDC6A6 /* PipelineRunner+LoadSession.swift in Sources */ = {isa = PBXBuildFile; fileRef = 641FF12CDBCFCA494956CF3A /* PipelineRunner+LoadSession.swift */; };
		2E6B87610B4551C5B2B978B1 /* AudioService.swift in Sources */ = {isa = PBXBuildFile; fileRef = 97F73B1E75EF61D038F41B3C /* AudioService.swift */; };
		2EE8C2B22453A62D257341F4 /* PipelineRunner+Brackets.swift in Sources */ = {isa = PBXBuildFile; fileRef = C0CB9F8F402094288E8307CB /* PipelineRunner+Brackets.swift */; };
		356136488F9E61973450A2FB /* NotificationService.swift in Sources */ = {isa = PBXBuildFile; fileRef = 130D67322F34D53E2FC1D475 /* NotificationService.swift */; };
		36B6A70D89662E7E7205B5E2 /* PhotoQualityServiceTests.swift in Sources */ = {isa = PBXBuildFile; fileRef = B29E5A74E1F9161B2C47E8DE /* PhotoQualityServiceTests.swift */; };
		38A042D3F5195C20B210C8A3 /* DashboardStep.swift in Sources */ = {isa = PBXBuildFile; fileRef = DC6DB1ED9A17258B186DA24A /* DashboardStep.swift */; };
		429A79924D4794EF23FC9379 /* WatchService.swift in Sources */ = {isa = PBXBuildFile; fileRef = FD8B3E2EDBB94C385E77AC28 /* WatchService.swift */; };
		4330EA71DFBD5C0C677E03A0 /* ToggleWatchIntent.swift in Sources */ = {isa = PBXBuildFile; fileRef = 41F6EEB9BFE5553BE8883871 /* ToggleWatchIntent.swift */; };
		4D3D45974C80EC64587BBEDB /* bracket5_dark.expected.json in Resources */ = {isa = PBXBuildFile; fileRef = F979ECB7EF516ED8CAE172B0 /* bracket5_dark.expected.json */; };
		513BB703639F818E84E1920A /* PhotoNote.swift in Sources */ = {isa = PBXBuildFile; fileRef = D894C147AD10AEB84D67A008 /* PhotoNote.swift */; };
		516E82FA90FBEE36563B0C2A /* singles.csv in Resources */ = {isa = PBXBuildFile; fileRef = 3EE387CF754A92EC8C6437AE /* singles.csv */; };
		5286C11972938728901F1FE8 /* DictationService.swift in Sources */ = {isa = PBXBuildFile; fileRef = DEC3191F1157C25BEECE9449 /* DictationService.swift */; };
		568133390BEFCB9706281CAF /* ExposureFusionTests.swift in Sources */ = {isa = PBXBuildFile; fileRef = 978DD40E7E34CA9166DB1C9D /* ExposureFusionTests.swift */; };
		57D2A984CB59C9E5C3C6BA2E /* PipelineRunnerCullSafetyTests.swift in Sources */ = {isa = PBXBuildFile; fileRef = C6654743264C7D9CD239497D /* PipelineRunnerCullSafetyTests.swift */; };
		58966C64E8FB2BC7A9681D24 /* PipelineStateLoggingTests.swift in Sources */ = {isa = PBXBuildFile; fileRef = 59790CA706990AC3AC474EB2 /* PipelineStateLoggingTests.swift */; };
		58989B348529FC53D1DC3AD4 /* BookingTitleParser.swift in Sources */ = {isa = PBXBuildFile; fileRef = 99DE72B4988EC0200DA1F366 /* BookingTitleParser.swift */; };
		58A4D7FA7B7EB8C8FC4C9650 /* two_brackets_and_gap.expected.json in Resources */ = {isa = PBXBuildFile; fileRef = 4C6481123891E543351CFB0B /* two_brackets_and_gap.expected.json */; };
		61DD9A6E20F903CBD3F19F27 /* ToolLocatorTests.swift in Sources */ = {isa = PBXBuildFile; fileRef = 34F9FCB4579FF92CB23EE797 /* ToolLocatorTests.swift */; };
		65BF33C26FC4038D88720266 /* PreviewCullView.swift in Sources */ = {isa = PBXBuildFile; fileRef = 0ED1FEAB2805AD66CD0BCFEE /* PreviewCullView.swift */; };
		68699E34360BE0D07D58EB95 /* PipelineRunnerLightroomTests.swift in Sources */ = {isa = PBXBuildFile; fileRef = 106C92FF5EFA871572809B65 /* PipelineRunnerLightroomTests.swift */; };
		697AD790BAFB2EC4F9081715 /* AddressFolderLayoutTests.swift in Sources */ = {isa = PBXBuildFile; fileRef = 5679D93E6E18C8F178CFC636 /* AddressFolderLayoutTests.swift */; };
		6E72A8D41A6CB0B986CAAF42 /* ContentView.swift in Sources */ = {isa = PBXBuildFile; fileRef = 5741822D3A108DFE01C65016 /* ContentView.swift */; };
		6F371AB884CD7E018EB5D88B /* WatchServiceDebounceStabilityTests.swift in Sources */ = {isa = PBXBuildFile; fileRef = 9C3984CEA371ED2A051480D5 /* WatchServiceDebounceStabilityTests.swift */; };
		70BDAEDAF1F167AF3DCDEB16 /* StepStatus.swift in Sources */ = {isa = PBXBuildFile; fileRef = FE736FC6AE961F0303A83433 /* StepStatus.swift */; };
		70D6B6BC07D487CE12288CB2 /* PipelineState.swift in Sources */ = {isa = PBXBuildFile; fileRef = 78FB5F4124C051FBCF5BAA73 /* PipelineState.swift */; };
		7187E7AB4A00672596608C12 /* DictationPanelView.swift in Sources */ = {isa = PBXBuildFile; fileRef = 8C306A8E7A0E0E6FE3F26EA3 /* DictationPanelView.swift */; };
		71945C6F41E31D4D713341C5 /* bracket3_subsec.expected.json in Resources */ = {isa = PBXBuildFile; fileRef = 2FB4B0BD9A6392975829D662 /* bracket3_subsec.expected.json */; };
		73EEFBCCB85532865E3F63E9 /* DependencyManager.swift in Sources */ = {isa = PBXBuildFile; fileRef = AF63168D1774C3566A1890FF /* DependencyManager.swift */; };
		7587E10B314C3764D1801102 /* AppIntents.framework in Frameworks */ = {isa = PBXBuildFile; fileRef = 0264E2771F1F365950FADCDE /* AppIntents.framework */; };
		75AAE4D2FD5931E697F5B2A0 /* PipelineStep.swift in Sources */ = {isa = PBXBuildFile; fileRef = 9B5C78734D65FD86D57C916F /* PipelineStep.swift */; };
		768168E0617FC976E2F3936F /* SessionStatusIntent.swift in Sources */ = {isa = PBXBuildFile; fileRef = D2FF546BEC5023F23323CDC0 /* SessionStatusIntent.swift */; };
		76AD25703B7CD22D2AF084E4 /* CalendarServiceTests.swift in Sources */ = {isa = PBXBuildFile; fileRef = 230AF67C14F78CC9A5F63D1F /* CalendarServiceTests.swift */; };
		7989A2940BFFD47970671D95 /* AppServices.swift in Sources */ = {isa = PBXBuildFile; fileRef = A6FD32CA129606476C3DAB16 /* AppServices.swift */; };
		7CE65CE8AF5D4E4EA3C7C70B /* ExposureFusion.swift in Sources */ = {isa = PBXBuildFile; fileRef = 80F00E018557CCC542713B03 /* ExposureFusion.swift */; };
		7FAF8CDAD6EC48E21A14EB68 /* PipelineSmokeTest.swift in Sources */ = {isa = PBXBuildFile; fileRef = 01FA4249807EF12677F9555D /* PipelineSmokeTest.swift */; };
		89BC4F5B43DCA138E6ABB560 /* PhotoFlowShortcuts.swift in Sources */ = {isa = PBXBuildFile; fileRef = C9C613A5C0AB46074022ED10 /* PhotoFlowShortcuts.swift */; };
		8ADAF496A047B2BDDCB9026B /* singles.expected.json in Resources */ = {isa = PBXBuildFile; fileRef = 64A78E994BBEEF2B356195DB /* singles.expected.json */; };
		8C8CF30C2B6DCF305DDAF09B /* two_brackets_and_gap.csv in Resources */ = {isa = PBXBuildFile; fileRef = AF069198E88FC10A80486CAD /* two_brackets_and_gap.csv */; };
		9814CBC0E96361BA1DAFE613 /* FileSafety.swift in Sources */ = {isa = PBXBuildFile; fileRef = B3179C516B7035D66EE62DB1 /* FileSafety.swift */; };
		9AEB695371EDAEC78EFAD571 /* LocalImageView.swift in Sources */ = {isa = PBXBuildFile; fileRef = 8A170910AAC2BAD6773C4FBB /* LocalImageView.swift */; };
		9B872DB3E052F9DA71D52818 /* PhotoQualityService.swift in Sources */ = {isa = PBXBuildFile; fileRef = E7D6EBC16408E26632B79421 /* PhotoQualityService.swift */; };
		9D6A966DFEADD444C24BB645 /* PipelineRunner+HDR.swift in Sources */ = {isa = PBXBuildFile; fileRef = 07F438E24E4E1E4884E9C260 /* PipelineRunner+HDR.swift */; };
		9D8F4DE0885D55B7C8280318 /* StepCardView.swift in Sources */ = {isa = PBXBuildFile; fileRef = D180E348EDC56158B0BF798D /* StepCardView.swift */; };
		A12C9183B1EB5B4E6C232CF3 /* PipelineRunner.swift in Sources */ = {isa = PBXBuildFile; fileRef = E5DB3A99AD7128B30E2F8B89 /* PipelineRunner.swift */; };
		A227D21813EA38555E784E2C /* PipelineRunner+Calendar.swift in Sources */ = {isa = PBXBuildFile; fileRef = FA78BF98C76E73289FDE191D /* PipelineRunner+Calendar.swift */; };
		A38504921BB482E4F3D59BBE /* DashboardView.swift in Sources */ = {isa = PBXBuildFile; fileRef = 34E6CD8744670D864F6EE6C3 /* DashboardView.swift */; };
		A41A216481CE30D8D17FDAFE /* HDRWriter.swift in Sources */ = {isa = PBXBuildFile; fileRef = 153B93145B4921E4F181418C /* HDRWriter.swift */; };
		A48970BF8D8D5C5ED96CF0AD /* StartPipelineIntent.swift in Sources */ = {isa = PBXBuildFile; fileRef = D7ABC0D81EE55A09C59EA739 /* StartPipelineIntent.swift */; };
		AA1852DBA57FA0051A3FF9EC /* WatchServiceFileIdentityTests.swift in Sources */ = {isa = PBXBuildFile; fileRef = CC9242645046144625EF653B /* WatchServiceFileIdentityTests.swift */; };
		B188A57475FF936519295B32 /* ExifReader.swift in Sources */ = {isa = PBXBuildFile; fileRef = 6FA0704B9EE5AE323F93639B /* ExifReader.swift */; };
		B84578962BD67E124F5E67C5 /* PipelineRunnerHDROrphanTests.swift in Sources */ = {isa = PBXBuildFile; fileRef = 929500107C2E4E161853B304 /* PipelineRunnerHDROrphanTests.swift */; };
		B8A0310BEABA3558EA84DDA4 /* BookingTitleParserTests.swift in Sources */ = {isa = PBXBuildFile; fileRef = 6543E7D969597D72306DB85B /* BookingTitleParserTests.swift */; };
		BAFC8EE66AAFCD940587B052 /* SettingsView.swift in Sources */ = {isa = PBXBuildFile; fileRef = 57074BFC0A2871C3D4A731BF /* SettingsView.swift */; };
		BC519EC3070BFAA701BF2E3B /* bracket3_subsec.csv in Resources */ = {isa = PBXBuildFile; fileRef = A8E8B9ECAF0A7DB7D21504F5 /* bracket3_subsec.csv */; };
		BC940806996D910CA009348B /* VisionTaggingService.swift in Sources */ = {isa = PBXBuildFile; fileRef = 7C75DCF5203EC0F7258AF011 /* VisionTaggingService.swift */; };
		C0DF8632A117D8C2600B0B6E /* FileSafetyTests.swift in Sources */ = {isa = PBXBuildFile; fileRef = 946B3F14AAFC5C10D4CF5C86 /* FileSafetyTests.swift */; };
		C43DA861284AEBFBDD8F6047 /* HDRAlignment.swift in Sources */ = {isa = PBXBuildFile; fileRef = ADE6D33A3AAB34122377A837 /* HDRAlignment.swift */; };
		CA69A9936A1575D09D4FE8CF /* PipelineStateCullDecisionsTests.swift in Sources */ = {isa = PBXBuildFile; fileRef = 0AB4187FD228E28ADF0414F2 /* PipelineStateCullDecisionsTests.swift */; };
		CC54EF14493163219A5966FB /* PipelineRunner+AddressCorrection.swift in Sources */ = {isa = PBXBuildFile; fileRef = 705897AC201BF6521922250B /* PipelineRunner+AddressCorrection.swift */; };
		D1D3217157939F4F4A6A7503 /* TranslationServiceTests.swift in Sources */ = {isa = PBXBuildFile; fileRef = 1AC7B76587B31A598A9D24BE /* TranslationServiceTests.swift */; };
		D28FF223F4DD2E06F13914CE /* CountdownOverlay.swift in Sources */ = {isa = PBXBuildFile; fileRef = D9A94CA77623E8D9E58A80B9 /* CountdownOverlay.swift */; };
		D455CF3094B4E2B9C74C9FBA /* BracketOrganizeFoldersTests.swift in Sources */ = {isa = PBXBuildFile; fileRef = 7662825784D834CB3C56A0B0 /* BracketOrganizeFoldersTests.swift */; };
		D4E8B25EF56984E792860C17 /* PhotoFlowApp.swift in Sources */ = {isa = PBXBuildFile; fileRef = 93E76E73EA4ED4FEA06A9AEB /* PhotoFlowApp.swift */; };
		D8D8FFA6CAFDE04A092BB491 /* AddressBanner.swift in Sources */ = {isa = PBXBuildFile; fileRef = F59167C3EF5ADC97D2062D84 /* AddressBanner.swift */; };
		D922C28ED4E9A2CCE49C29F9 /* AppSettings.swift in Sources */ = {isa = PBXBuildFile; fileRef = 83D7AE05B80A7B44D2B244CB /* AppSettings.swift */; };
		DE054EA5F41BBFB3ED6F9697 /* BracketReviewView.swift in Sources */ = {isa = PBXBuildFile; fileRef = E7B2958CAA674C585FF19619 /* BracketReviewView.swift */; };
		E7E42A0887D9258A3FCE7B8C /* PipelineRunner+Lightroom.swift in Sources */ = {isa = PBXBuildFile; fileRef = 04F7EB11531DBB10EA697354 /* PipelineRunner+Lightroom.swift */; };
		E9F8D54758C9BB977709079A /* PipelineStateAddressCorrectionTests.swift in Sources */ = {isa = PBXBuildFile; fileRef = D7DE505DE352E780722B1B10 /* PipelineStateAddressCorrectionTests.swift */; };
		EA06314597C317B4BD9069BB /* PipelineRunnerAddressCorrectionTests.swift in Sources */ = {isa = PBXBuildFile; fileRef = B7CBAC052E63A0845336EE11 /* PipelineRunnerAddressCorrectionTests.swift */; };
		EA4E5832C8F7898B5BD863E6 /* PipelineRunner+SortFolders.swift in Sources */ = {isa = PBXBuildFile; fileRef = C0B3F0C52E9F93DB7285FCE3 /* PipelineRunner+SortFolders.swift */; };
		EC45D31CD45B1472B2657EF9 /* AddressFolderLayout.swift in Sources */ = {isa = PBXBuildFile; fileRef = 8487E9F676AFEA6DF4FFAE0B /* AddressFolderLayout.swift */; };
		EF641A4D0FAEA376FD76403E /* AddressSessionLoader.swift in Sources */ = {isa = PBXBuildFile; fileRef = 971388A49C8B7252E235505D /* AddressSessionLoader.swift */; };
		F3AD0122521C335A3B2BDECC /* PipelineRunner+DNG.swift in Sources */ = {isa = PBXBuildFile; fileRef = 5FDBA9911E8C73F6226423B7 /* PipelineRunner+DNG.swift */; };
		F3BDF5DC49407FE557906A04 /* PipelineRunner+AITagging.swift in Sources */ = {isa = PBXBuildFile; fileRef = EFE1925080EB1C0287843A6E /* PipelineRunner+AITagging.swift */; };
		F475F55913EBEC734B07B804 /* kylskapet_trasigt_stopp_sv.m4a in Resources */ = {isa = PBXBuildFile; fileRef = 09126C3FA79F50675EABFC46 /* kylskapet_trasigt_stopp_sv.m4a */; };
		F4FF2B039B629C11D41C99EB /* PipelineRunnerCullingTests.swift in Sources */ = {isa = PBXBuildFile; fileRef = 10CADBF5273CA5D7E2221343 /* PipelineRunnerCullingTests.swift */; };
		F5A6FCDFD1840F958A411050 /* bracket5_dark.csv in Resources */ = {isa = PBXBuildFile; fileRef = 2556040AD182883742EE0D19 /* bracket5_dark.csv */; };
		F5C93C83D3D455CECE7F5834 /* BracketAnalyzerParityTests.swift in Sources */ = {isa = PBXBuildFile; fileRef = 84F1CB4117C7015940BCA70F /* BracketAnalyzerParityTests.swift */; };
		F8F289B627B89178C2F705E2 /* PhotoDescriptionService.swift in Sources */ = {isa = PBXBuildFile; fileRef = 29BD20E600D143019797F30D /* PhotoDescriptionService.swift */; };
		FA497D8851D429850EF87A22 /* Assets.xcassets in Resources */ = {isa = PBXBuildFile; fileRef = 9CA38B372E1E952057138D8D /* Assets.xcassets */; };
		FEC5BFF1850289A0D6530DDC /* BracketGroup.swift in Sources */ = {isa = PBXBuildFile; fileRef = 80B78757C80052743BF6680B /* BracketGroup.swift */; };
/* End PBXBuildFile section */

/* Begin PBXContainerItemProxy section */
		B3E121D375DEFDF14C98EBC4 /* PBXContainerItemProxy */ = {
			isa = PBXContainerItemProxy;
			containerPortal = CD722B396F7FFCD3A00A38DF /* Project object */;
			proxyType = 1;
			remoteGlobalIDString = 3D4774B480F6D9D80673EB78;
			remoteInfo = PhotoFlow;
		};
/* End PBXContainerItemProxy section */

/* Begin PBXFileReference section */
		01B8DD6E89E2EB246C06AA2F /* AppSettingsSDCardTests.swift */ = {isa = PBXFileReference; lastKnownFileType = sourcecode.swift; path = AppSettingsSDCardTests.swift; sourceTree = "<group>"; };
		01FA4249807EF12677F9555D /* PipelineSmokeTest.swift */ = {isa = PBXFileReference; lastKnownFileType = sourcecode.swift; path = PipelineSmokeTest.swift; sourceTree = "<group>"; };
		0264E2771F1F365950FADCDE /* AppIntents.framework */ = {isa = PBXFileReference; lastKnownFileType = wrapper.framework; name = AppIntents.framework; path = System/Library/Frameworks/AppIntents.framework; sourceTree = SDKROOT; };
		04F7EB11531DBB10EA697354 /* PipelineRunner+Lightroom.swift */ = {isa = PBXFileReference; lastKnownFileType = sourcecode.swift; path = "PipelineRunner+Lightroom.swift"; sourceTree = "<group>"; };
		07F438E24E4E1E4884E9C260 /* PipelineRunner+HDR.swift */ = {isa = PBXFileReference; lastKnownFileType = sourcecode.swift; path = "PipelineRunner+HDR.swift"; sourceTree = "<group>"; };
		09126C3FA79F50675EABFC46 /* kylskapet_trasigt_stopp_sv.m4a */ = {isa = PBXFileReference; path = kylskapet_trasigt_stopp_sv.m4a; sourceTree = "<group>"; };
		0AB4187FD228E28ADF0414F2 /* PipelineStateCullDecisionsTests.swift */ = {isa = PBXFileReference; lastKnownFileType = sourcecode.swift; path = PipelineStateCullDecisionsTests.swift; sourceTree = "<group>"; };
		0ED1FEAB2805AD66CD0BCFEE /* PreviewCullView.swift */ = {isa = PBXFileReference; lastKnownFileType = sourcecode.swift; path = PreviewCullView.swift; sourceTree = "<group>"; };
		106C92FF5EFA871572809B65 /* PipelineRunnerLightroomTests.swift */ = {isa = PBXFileReference; lastKnownFileType = sourcecode.swift; path = PipelineRunnerLightroomTests.swift; sourceTree = "<group>"; };
		10CADBF5273CA5D7E2221343 /* PipelineRunnerCullingTests.swift */ = {isa = PBXFileReference; lastKnownFileType = sourcecode.swift; path = PipelineRunnerCullingTests.swift; sourceTree = "<group>"; };
		1232E269C2AE3EC7F7B9017B /* RAWRendererTests.swift */ = {isa = PBXFileReference; lastKnownFileType = sourcecode.swift; path = RAWRendererTests.swift; sourceTree = "<group>"; };
		130D67322F34D53E2FC1D475 /* NotificationService.swift */ = {isa = PBXFileReference; lastKnownFileType = sourcecode.swift; path = NotificationService.swift; sourceTree = "<group>"; };
		153B93145B4921E4F181418C /* HDRWriter.swift */ = {isa = PBXFileReference; lastKnownFileType = sourcecode.swift; path = HDRWriter.swift; sourceTree = "<group>"; };
		18FEAA9B84EC62BC44C9AEB6 /* PipelineRunner+Metadata.swift */ = {isa = PBXFileReference; lastKnownFileType = sourcecode.swift; path = "PipelineRunner+Metadata.swift"; sourceTree = "<group>"; };
		1AC7B76587B31A598A9D24BE /* TranslationServiceTests.swift */ = {isa = PBXFileReference; lastKnownFileType = sourcecode.swift; path = TranslationServiceTests.swift; sourceTree = "<group>"; };
		230AF67C14F78CC9A5F63D1F /* CalendarServiceTests.swift */ = {isa = PBXFileReference; lastKnownFileType = sourcecode.swift; path = CalendarServiceTests.swift; sourceTree = "<group>"; };
		2556040AD182883742EE0D19 /* bracket5_dark.csv */ = {isa = PBXFileReference; path = bracket5_dark.csv; sourceTree = "<group>"; };
		29BD20E600D143019797F30D /* PhotoDescriptionService.swift */ = {isa = PBXFileReference; lastKnownFileType = sourcecode.swift; path = PhotoDescriptionService.swift; sourceTree = "<group>"; };
		2FB4B0BD9A6392975829D662 /* bracket3_subsec.expected.json */ = {isa = PBXFileReference; lastKnownFileType = text.json; path = bracket3_subsec.expected.json; sourceTree = "<group>"; };
		34E6CD8744670D864F6EE6C3 /* DashboardView.swift */ = {isa = PBXFileReference; lastKnownFileType = sourcecode.swift; path = DashboardView.swift; sourceTree = "<group>"; };
		34F9FCB4579FF92CB23EE797 /* ToolLocatorTests.swift */ = {isa = PBXFileReference; lastKnownFileType = sourcecode.swift; path = ToolLocatorTests.swift; sourceTree = "<group>"; };
		3A0A7827D86EA12C4E5D679B /* ShowReviewIntent.swift */ = {isa = PBXFileReference; lastKnownFileType = sourcecode.swift; path = ShowReviewIntent.swift; sourceTree = "<group>"; };
		3EE387CF754A92EC8C6437AE /* singles.csv */ = {isa = PBXFileReference; path = singles.csv; sourceTree = "<group>"; };
		41F6EEB9BFE5553BE8883871 /* ToggleWatchIntent.swift */ = {isa = PBXFileReference; lastKnownFileType = sourcecode.swift; path = ToggleWatchIntent.swift; sourceTree = "<group>"; };
		4C6481123891E543351CFB0B /* two_brackets_and_gap.expected.json */ = {isa = PBXFileReference; lastKnownFileType = text.json; path = two_brackets_and_gap.expected.json; sourceTree = "<group>"; };
		522CA5C3C17A8E64E615BF3F /* StepStatusTests.swift */ = {isa = PBXFileReference; lastKnownFileType = sourcecode.swift; path = StepStatusTests.swift; sourceTree = "<group>"; };
		5679D93E6E18C8F178CFC636 /* AddressFolderLayoutTests.swift */ = {isa = PBXFileReference; lastKnownFileType = sourcecode.swift; path = AddressFolderLayoutTests.swift; sourceTree = "<group>"; };
		57074BFC0A2871C3D4A731BF /* SettingsView.swift */ = {isa = PBXFileReference; lastKnownFileType = sourcecode.swift; path = SettingsView.swift; sourceTree = "<group>"; };
		5741822D3A108DFE01C65016 /* ContentView.swift */ = {isa = PBXFileReference; lastKnownFileType = sourcecode.swift; path = ContentView.swift; sourceTree = "<group>"; };
		59790CA706990AC3AC474EB2 /* PipelineStateLoggingTests.swift */ = {isa = PBXFileReference; lastKnownFileType = sourcecode.swift; path = PipelineStateLoggingTests.swift; sourceTree = "<group>"; };
		5E415E22A558BC52CAA2A98E /* PipelineRunner+Culling.swift */ = {isa = PBXFileReference; lastKnownFileType = sourcecode.swift; path = "PipelineRunner+Culling.swift"; sourceTree = "<group>"; };
		5FDBA9911E8C73F6226423B7 /* PipelineRunner+DNG.swift */ = {isa = PBXFileReference; lastKnownFileType = sourcecode.swift; path = "PipelineRunner+DNG.swift"; sourceTree = "<group>"; };
		641FF12CDBCFCA494956CF3A /* PipelineRunner+LoadSession.swift */ = {isa = PBXFileReference; lastKnownFileType = sourcecode.swift; path = "PipelineRunner+LoadSession.swift"; sourceTree = "<group>"; };
		64A78E994BBEEF2B356195DB /* singles.expected.json */ = {isa = PBXFileReference; lastKnownFileType = text.json; path = singles.expected.json; sourceTree = "<group>"; };
		6543E7D969597D72306DB85B /* BookingTitleParserTests.swift */ = {isa = PBXFileReference; lastKnownFileType = sourcecode.swift; path = BookingTitleParserTests.swift; sourceTree = "<group>"; };
		6BEACCFCA1D65C2CB03FB654 /* BracketAnalyzer.swift */ = {isa = PBXFileReference; lastKnownFileType = sourcecode.swift; path = BracketAnalyzer.swift; sourceTree = "<group>"; };
		6FA0704B9EE5AE323F93639B /* ExifReader.swift */ = {isa = PBXFileReference; lastKnownFileType = sourcecode.swift; path = ExifReader.swift; sourceTree = "<group>"; };
		6FFE0FA0AB9D91699FB3FE5C /* PhotoDescriptionServiceTests.swift */ = {isa = PBXFileReference; lastKnownFileType = sourcecode.swift; path = PhotoDescriptionServiceTests.swift; sourceTree = "<group>"; };
		705897AC201BF6521922250B /* PipelineRunner+AddressCorrection.swift */ = {isa = PBXFileReference; lastKnownFileType = sourcecode.swift; path = "PipelineRunner+AddressCorrection.swift"; sourceTree = "<group>"; };
		7662825784D834CB3C56A0B0 /* BracketOrganizeFoldersTests.swift */ = {isa = PBXFileReference; lastKnownFileType = sourcecode.swift; path = BracketOrganizeFoldersTests.swift; sourceTree = "<group>"; };
		786C7DA81AF1DAB9E76EF216 /* ProcessRunner.swift */ = {isa = PBXFileReference; lastKnownFileType = sourcecode.swift; path = ProcessRunner.swift; sourceTree = "<group>"; };
		78FB5F4124C051FBCF5BAA73 /* PipelineState.swift */ = {isa = PBXFileReference; lastKnownFileType = sourcecode.swift; path = PipelineState.swift; sourceTree = "<group>"; };
		7C75DCF5203EC0F7258AF011 /* VisionTaggingService.swift */ = {isa = PBXFileReference; lastKnownFileType = sourcecode.swift; path = VisionTaggingService.swift; sourceTree = "<group>"; };
		7CFA4B712D2C1C7EB5465997 /* CalendarService.swift */ = {isa = PBXFileReference; lastKnownFileType = sourcecode.swift; path = CalendarService.swift; sourceTree = "<group>"; };
		80B78757C80052743BF6680B /* BracketGroup.swift */ = {isa = PBXFileReference; lastKnownFileType = sourcecode.swift; path = BracketGroup.swift; sourceTree = "<group>"; };
		80F00E018557CCC542713B03 /* ExposureFusion.swift */ = {isa = PBXFileReference; lastKnownFileType = sourcecode.swift; path = ExposureFusion.swift; sourceTree = "<group>"; };
		81818FB45B057F04C0487565 /* PhotoItem.swift */ = {isa = PBXFileReference; lastKnownFileType = sourcecode.swift; path = PhotoItem.swift; sourceTree = "<group>"; };
		83D7AE05B80A7B44D2B244CB /* AppSettings.swift */ = {isa = PBXFileReference; lastKnownFileType = sourcecode.swift; path = AppSettings.swift; sourceTree = "<group>"; };
		8487E9F676AFEA6DF4FFAE0B /* AddressFolderLayout.swift */ = {isa = PBXFileReference; lastKnownFileType = sourcecode.swift; path = AddressFolderLayout.swift; sourceTree = "<group>"; };
		84F1CB4117C7015940BCA70F /* BracketAnalyzerParityTests.swift */ = {isa = PBXFileReference; lastKnownFileType = sourcecode.swift; path = BracketAnalyzerParityTests.swift; sourceTree = "<group>"; };
		881974C88BC24DB7A88BFDB5 /* HDREngine.swift */ = {isa = PBXFileReference; lastKnownFileType = sourcecode.swift; path = HDREngine.swift; sourceTree = "<group>"; };
		8873C4CE06787497464EE6E6 /* RAWRenderer.swift */ = {isa = PBXFileReference; lastKnownFileType = sourcecode.swift; path = RAWRenderer.swift; sourceTree = "<group>"; };
		8A170910AAC2BAD6773C4FBB /* LocalImageView.swift */ = {isa = PBXFileReference; lastKnownFileType = sourcecode.swift; path = LocalImageView.swift; sourceTree = "<group>"; };
		8C306A8E7A0E0E6FE3F26EA3 /* DictationPanelView.swift */ = {isa = PBXFileReference; lastKnownFileType = sourcecode.swift; path = DictationPanelView.swift; sourceTree = "<group>"; };
		8F5619320F3617DDF430B6C8 /* ProcessCancellationBoxTests.swift */ = {isa = PBXFileReference; lastKnownFileType = sourcecode.swift; path = ProcessCancellationBoxTests.swift; sourceTree = "<group>"; };
		929500107C2E4E161853B304 /* PipelineRunnerHDROrphanTests.swift */ = {isa = PBXFileReference; lastKnownFileType = sourcecode.swift; path = PipelineRunnerHDROrphanTests.swift; sourceTree = "<group>"; };
		93E76E73EA4ED4FEA06A9AEB /* PhotoFlowApp.swift */ = {isa = PBXFileReference; lastKnownFileType = sourcecode.swift; path = PhotoFlowApp.swift; sourceTree = "<group>"; };
		946B3F14AAFC5C10D4CF5C86 /* FileSafetyTests.swift */ = {isa = PBXFileReference; lastKnownFileType = sourcecode.swift; path = FileSafetyTests.swift; sourceTree = "<group>"; };
		946EF029FC6B8E82370D3CED /* TranslationService.swift */ = {isa = PBXFileReference; lastKnownFileType = sourcecode.swift; path = TranslationService.swift; sourceTree = "<group>"; };
		971388A49C8B7252E235505D /* AddressSessionLoader.swift */ = {isa = PBXFileReference; lastKnownFileType = sourcecode.swift; path = AddressSessionLoader.swift; sourceTree = "<group>"; };
		978DD40E7E34CA9166DB1C9D /* ExposureFusionTests.swift */ = {isa = PBXFileReference; lastKnownFileType = sourcecode.swift; path = ExposureFusionTests.swift; sourceTree = "<group>"; };
		97F73B1E75EF61D038F41B3C /* AudioService.swift */ = {isa = PBXFileReference; lastKnownFileType = sourcecode.swift; path = AudioService.swift; sourceTree = "<group>"; };
		99DE72B4988EC0200DA1F366 /* BookingTitleParser.swift */ = {isa = PBXFileReference; lastKnownFileType = sourcecode.swift; path = BookingTitleParser.swift; sourceTree = "<group>"; };
		9B5C78734D65FD86D57C916F /* PipelineStep.swift */ = {isa = PBXFileReference; lastKnownFileType = sourcecode.swift; path = PipelineStep.swift; sourceTree = "<group>"; };
		9C3984CEA371ED2A051480D5 /* WatchServiceDebounceStabilityTests.swift */ = {isa = PBXFileReference; lastKnownFileType = sourcecode.swift; path = WatchServiceDebounceStabilityTests.swift; sourceTree = "<group>"; };
		9CA38B372E1E952057138D8D /* Assets.xcassets */ = {isa = PBXFileReference; lastKnownFileType = folder.assetcatalog; path = Assets.xcassets; sourceTree = "<group>"; };
		9DEE083780895ED14CBEB130 /* PipelineRunnerMetadataTests.swift */ = {isa = PBXFileReference; lastKnownFileType = sourcecode.swift; path = PipelineRunnerMetadataTests.swift; sourceTree = "<group>"; };
		9E004565387636287CADBBEE /* PhotoFlow.app */ = {isa = PBXFileReference; explicitFileType = wrapper.application; includeInIndex = 0; path = PhotoFlow.app; sourceTree = BUILT_PRODUCTS_DIR; };
		A3E25E83A736CE72A8397681 /* AddressSessionLoaderTests.swift */ = {isa = PBXFileReference; lastKnownFileType = sourcecode.swift; path = AddressSessionLoaderTests.swift; sourceTree = "<group>"; };
		A3E9E6F534CFBD26583F5CDB /* AddressSessionEntity.swift */ = {isa = PBXFileReference; lastKnownFileType = sourcecode.swift; path = AddressSessionEntity.swift; sourceTree = "<group>"; };
		A6FD32CA129606476C3DAB16 /* AppServices.swift */ = {isa = PBXFileReference; lastKnownFileType = sourcecode.swift; path = AppServices.swift; sourceTree = "<group>"; };
		A744F8E9CC36AC9DFDE19C79 /* NotesManager.swift */ = {isa = PBXFileReference; lastKnownFileType = sourcecode.swift; path = NotesManager.swift; sourceTree = "<group>"; };
		A8E8B9ECAF0A7DB7D21504F5 /* bracket3_subsec.csv */ = {isa = PBXFileReference; path = bracket3_subsec.csv; sourceTree = "<group>"; };
		ADE6D33A3AAB34122377A837 /* HDRAlignment.swift */ = {isa = PBXFileReference; lastKnownFileType = sourcecode.swift; path = HDRAlignment.swift; sourceTree = "<group>"; };
		AF069198E88FC10A80486CAD /* two_brackets_and_gap.csv */ = {isa = PBXFileReference; path = two_brackets_and_gap.csv; sourceTree = "<group>"; };
		AF63168D1774C3566A1890FF /* DependencyManager.swift */ = {isa = PBXFileReference; lastKnownFileType = sourcecode.swift; path = DependencyManager.swift; sourceTree = "<group>"; };
		B05548288B2EBB830BA02C5E /* ToolLocator.swift */ = {isa = PBXFileReference; lastKnownFileType = sourcecode.swift; path = ToolLocator.swift; sourceTree = "<group>"; };
		B29E5A74E1F9161B2C47E8DE /* PhotoQualityServiceTests.swift */ = {isa = PBXFileReference; lastKnownFileType = sourcecode.swift; path = PhotoQualityServiceTests.swift; sourceTree = "<group>"; };
		B3179C516B7035D66EE62DB1 /* FileSafety.swift */ = {isa = PBXFileReference; lastKnownFileType = sourcecode.swift; path = FileSafety.swift; sourceTree = "<group>"; };
		B7CBAC052E63A0845336EE11 /* PipelineRunnerAddressCorrectionTests.swift */ = {isa = PBXFileReference; lastKnownFileType = sourcecode.swift; path = PipelineRunnerAddressCorrectionTests.swift; sourceTree = "<group>"; };
		C0B3F0C52E9F93DB7285FCE3 /* PipelineRunner+SortFolders.swift */ = {isa = PBXFileReference; lastKnownFileType = sourcecode.swift; path = "PipelineRunner+SortFolders.swift"; sourceTree = "<group>"; };
		C0CB9F8F402094288E8307CB /* PipelineRunner+Brackets.swift */ = {isa = PBXFileReference; lastKnownFileType = sourcecode.swift; path = "PipelineRunner+Brackets.swift"; sourceTree = "<group>"; };
		C6654743264C7D9CD239497D /* PipelineRunnerCullSafetyTests.swift */ = {isa = PBXFileReference; lastKnownFileType = sourcecode.swift; path = PipelineRunnerCullSafetyTests.swift; sourceTree = "<group>"; };
		C8C117DD311BF15484E64F9F /* DictationServiceTests.swift */ = {isa = PBXFileReference; lastKnownFileType = sourcecode.swift; path = DictationServiceTests.swift; sourceTree = "<group>"; };
		C9C613A5C0AB46074022ED10 /* PhotoFlowShortcuts.swift */ = {isa = PBXFileReference; lastKnownFileType = sourcecode.swift; path = PhotoFlowShortcuts.swift; sourceTree = "<group>"; };
		CC9242645046144625EF653B /* WatchServiceFileIdentityTests.swift */ = {isa = PBXFileReference; lastKnownFileType = sourcecode.swift; path = WatchServiceFileIdentityTests.swift; sourceTree = "<group>"; };
		D180E348EDC56158B0BF798D /* StepCardView.swift */ = {isa = PBXFileReference; lastKnownFileType = sourcecode.swift; path = StepCardView.swift; sourceTree = "<group>"; };
		D2FF546BEC5023F23323CDC0 /* SessionStatusIntent.swift */ = {isa = PBXFileReference; lastKnownFileType = sourcecode.swift; path = SessionStatusIntent.swift; sourceTree = "<group>"; };
		D339827929C97F1ECCE40F1B /* PipelineRunner+Previews.swift */ = {isa = PBXFileReference; lastKnownFileType = sourcecode.swift; path = "PipelineRunner+Previews.swift"; sourceTree = "<group>"; };
		D7ABC0D81EE55A09C59EA739 /* StartPipelineIntent.swift */ = {isa = PBXFileReference; lastKnownFileType = sourcecode.swift; path = StartPipelineIntent.swift; sourceTree = "<group>"; };
		D7DE505DE352E780722B1B10 /* PipelineStateAddressCorrectionTests.swift */ = {isa = PBXFileReference; lastKnownFileType = sourcecode.swift; path = PipelineStateAddressCorrectionTests.swift; sourceTree = "<group>"; };
		D894C147AD10AEB84D67A008 /* PhotoNote.swift */ = {isa = PBXFileReference; lastKnownFileType = sourcecode.swift; path = PhotoNote.swift; sourceTree = "<group>"; };
		D9A94CA77623E8D9E58A80B9 /* CountdownOverlay.swift */ = {isa = PBXFileReference; lastKnownFileType = sourcecode.swift; path = CountdownOverlay.swift; sourceTree = "<group>"; };
		DC6DB1ED9A17258B186DA24A /* DashboardStep.swift */ = {isa = PBXFileReference; lastKnownFileType = sourcecode.swift; path = DashboardStep.swift; sourceTree = "<group>"; };
		DC882BFAAABBA22B86CEBFCB /* AITagsStoreTests.swift */ = {isa = PBXFileReference; lastKnownFileType = sourcecode.swift; path = AITagsStoreTests.swift; sourceTree = "<group>"; };
		DEC3191F1157C25BEECE9449 /* DictationService.swift */ = {isa = PBXFileReference; lastKnownFileType = sourcecode.swift; path = DictationService.swift; sourceTree = "<group>"; };
		E5DB3A99AD7128B30E2F8B89 /* PipelineRunner.swift */ = {isa = PBXFileReference; lastKnownFileType = sourcecode.swift; path = PipelineRunner.swift; sourceTree = "<group>"; };
		E77A76B28B5B2D57EEDEBC3F /* PhotoFlowTests.xctest */ = {isa = PBXFileReference; explicitFileType = wrapper.cfbundle; includeInIndex = 0; path = PhotoFlowTests.xctest; sourceTree = BUILT_PRODUCTS_DIR; };
		E7B2958CAA674C585FF19619 /* BracketReviewView.swift */ = {isa = PBXFileReference; lastKnownFileType = sourcecode.swift; path = BracketReviewView.swift; sourceTree = "<group>"; };
		E7D6EBC16408E26632B79421 /* PhotoQualityService.swift */ = {isa = PBXFileReference; lastKnownFileType = sourcecode.swift; path = PhotoQualityService.swift; sourceTree = "<group>"; };
		EFE1925080EB1C0287843A6E /* PipelineRunner+AITagging.swift */ = {isa = PBXFileReference; lastKnownFileType = sourcecode.swift; path = "PipelineRunner+AITagging.swift"; sourceTree = "<group>"; };
		F59167C3EF5ADC97D2062D84 /* AddressBanner.swift */ = {isa = PBXFileReference; lastKnownFileType = sourcecode.swift; path = AddressBanner.swift; sourceTree = "<group>"; };
		F979ECB7EF516ED8CAE172B0 /* bracket5_dark.expected.json */ = {isa = PBXFileReference; lastKnownFileType = text.json; path = bracket5_dark.expected.json; sourceTree = "<group>"; };
		FA78BF98C76E73289FDE191D /* PipelineRunner+Calendar.swift */ = {isa = PBXFileReference; lastKnownFileType = sourcecode.swift; path = "PipelineRunner+Calendar.swift"; sourceTree = "<group>"; };
		FD8B3E2EDBB94C385E77AC28 /* WatchService.swift */ = {isa = PBXFileReference; lastKnownFileType = sourcecode.swift; path = WatchService.swift; sourceTree = "<group>"; };
		FE736FC6AE961F0303A83433 /* StepStatus.swift */ = {isa = PBXFileReference; lastKnownFileType = sourcecode.swift; path = StepStatus.swift; sourceTree = "<group>"; };
/* End PBXFileReference section */

/* Begin PBXFrameworksBuildPhase section */
		82278D3FAB6AAFFB11C16590 /* Frameworks */ = {
			isa = PBXFrameworksBuildPhase;
			buildActionMask = 2147483647;
			files = (
				7587E10B314C3764D1801102 /* AppIntents.framework in Frameworks */,
			);
			runOnlyForDeploymentPostprocessing = 0;
		};
/* End PBXFrameworksBuildPhase section */

/* Begin PBXGroup section */
		01E7F04C9EF5E3EC658F1267 /* HDR */ = {
			isa = PBXGroup;
			children = (
				80F00E018557CCC542713B03 /* ExposureFusion.swift */,
				ADE6D33A3AAB34122377A837 /* HDRAlignment.swift */,
				881974C88BC24DB7A88BFDB5 /* HDREngine.swift */,
				153B93145B4921E4F181418C /* HDRWriter.swift */,
				8873C4CE06787497464EE6E6 /* RAWRenderer.swift */,
			);
			path = HDR;
			sourceTree = "<group>";
		};
		0923BE1D1A927F53AEC40967 /* Fixtures */ = {
			isa = PBXGroup;
			children = (
				50E6BC933054F1477DA89BAC /* BracketAnalysis */,
				D3D4522FE1C1946EE8C1DA17 /* Dictation */,
			);
			path = Fixtures;
			sourceTree = "<group>";
		};
		260048224E928FB2FEE951F9 /* Sources */ = {
			isa = PBXGroup;
			children = (
				9CA38B372E1E952057138D8D /* Assets.xcassets */,
				93E76E73EA4ED4FEA06A9AEB /* PhotoFlowApp.swift */,
				88681A256B960EB5E3A099E1 /* Intents */,
				CDA72CFD93879AB370BC5E6F /* Models */,
				E8DA6B3C49760AC4B5E88324 /* Services */,
				7E06B59E38FB223904C49427 /* Views */,
			);
			path = Sources;
			sourceTree = "<group>";
		};
		390E362E842D1752743B3378 = {
			isa = PBXGroup;
			children = (
				260048224E928FB2FEE951F9 /* Sources */,
				8795CD887633F9450B2E7F7D /* Tests */,
				52B0D730AA73209C4D83C9D0 /* Frameworks */,
				ADCC61FD074DBC3AC472A844 /* Products */,
			);
			sourceTree = "<group>";
		};
		50E6BC933054F1477DA89BAC /* BracketAnalysis */ = {
			isa = PBXGroup;
			children = (
				A8E8B9ECAF0A7DB7D21504F5 /* bracket3_subsec.csv */,
				2FB4B0BD9A6392975829D662 /* bracket3_subsec.expected.json */,
				2556040AD182883742EE0D19 /* bracket5_dark.csv */,
				F979ECB7EF516ED8CAE172B0 /* bracket5_dark.expected.json */,
				3EE387CF754A92EC8C6437AE /* singles.csv */,
				64A78E994BBEEF2B356195DB /* singles.expected.json */,
				AF069198E88FC10A80486CAD /* two_brackets_and_gap.csv */,
				4C6481123891E543351CFB0B /* two_brackets_and_gap.expected.json */,
			);
			path = BracketAnalysis;
			sourceTree = "<group>";
		};
		52B0D730AA73209C4D83C9D0 /* Frameworks */ = {
			isa = PBXGroup;
			children = (
				0264E2771F1F365950FADCDE /* AppIntents.framework */,
			);
			name = Frameworks;
			sourceTree = "<group>";
		};
		7E06B59E38FB223904C49427 /* Views */ = {
			isa = PBXGroup;
			children = (
				F59167C3EF5ADC97D2062D84 /* AddressBanner.swift */,
				E7B2958CAA674C585FF19619 /* BracketReviewView.swift */,
				5741822D3A108DFE01C65016 /* ContentView.swift */,
				D9A94CA77623E8D9E58A80B9 /* CountdownOverlay.swift */,
				34E6CD8744670D864F6EE6C3 /* DashboardView.swift */,
				8C306A8E7A0E0E6FE3F26EA3 /* DictationPanelView.swift */,
				8A170910AAC2BAD6773C4FBB /* LocalImageView.swift */,
				0ED1FEAB2805AD66CD0BCFEE /* PreviewCullView.swift */,
				57074BFC0A2871C3D4A731BF /* SettingsView.swift */,
				D180E348EDC56158B0BF798D /* StepCardView.swift */,
			);
			path = Views;
			sourceTree = "<group>";
		};
		8795CD887633F9450B2E7F7D /* Tests */ = {
			isa = PBXGroup;
			children = (
				5679D93E6E18C8F178CFC636 /* AddressFolderLayoutTests.swift */,
				A3E25E83A736CE72A8397681 /* AddressSessionLoaderTests.swift */,
				DC882BFAAABBA22B86CEBFCB /* AITagsStoreTests.swift */,
				01B8DD6E89E2EB246C06AA2F /* AppSettingsSDCardTests.swift */,
				6543E7D969597D72306DB85B /* BookingTitleParserTests.swift */,
				84F1CB4117C7015940BCA70F /* BracketAnalyzerParityTests.swift */,
				7662825784D834CB3C56A0B0 /* BracketOrganizeFoldersTests.swift */,
				230AF67C14F78CC9A5F63D1F /* CalendarServiceTests.swift */,
				C8C117DD311BF15484E64F9F /* DictationServiceTests.swift */,
				978DD40E7E34CA9166DB1C9D /* ExposureFusionTests.swift */,
				946B3F14AAFC5C10D4CF5C86 /* FileSafetyTests.swift */,
				6FFE0FA0AB9D91699FB3FE5C /* PhotoDescriptionServiceTests.swift */,
				B29E5A74E1F9161B2C47E8DE /* PhotoQualityServiceTests.swift */,
				B7CBAC052E63A0845336EE11 /* PipelineRunnerAddressCorrectionTests.swift */,
				10CADBF5273CA5D7E2221343 /* PipelineRunnerCullingTests.swift */,
				C6654743264C7D9CD239497D /* PipelineRunnerCullSafetyTests.swift */,
				929500107C2E4E161853B304 /* PipelineRunnerHDROrphanTests.swift */,
				106C92FF5EFA871572809B65 /* PipelineRunnerLightroomTests.swift */,
				9DEE083780895ED14CBEB130 /* PipelineRunnerMetadataTests.swift */,
				01FA4249807EF12677F9555D /* PipelineSmokeTest.swift */,
				D7DE505DE352E780722B1B10 /* PipelineStateAddressCorrectionTests.swift */,
				0AB4187FD228E28ADF0414F2 /* PipelineStateCullDecisionsTests.swift */,
				59790CA706990AC3AC474EB2 /* PipelineStateLoggingTests.swift */,
				8F5619320F3617DDF430B6C8 /* ProcessCancellationBoxTests.swift */,
				1232E269C2AE3EC7F7B9017B /* RAWRendererTests.swift */,
				522CA5C3C17A8E64E615BF3F /* StepStatusTests.swift */,
				34F9FCB4579FF92CB23EE797 /* ToolLocatorTests.swift */,
				1AC7B76587B31A598A9D24BE /* TranslationServiceTests.swift */,
				9C3984CEA371ED2A051480D5 /* WatchServiceDebounceStabilityTests.swift */,
				CC9242645046144625EF653B /* WatchServiceFileIdentityTests.swift */,
				0923BE1D1A927F53AEC40967 /* Fixtures */,
			);
			path = Tests;
			sourceTree = "<group>";
		};
		88681A256B960EB5E3A099E1 /* Intents */ = {
			isa = PBXGroup;
			children = (
				A3E9E6F534CFBD26583F5CDB /* AddressSessionEntity.swift */,
				971388A49C8B7252E235505D /* AddressSessionLoader.swift */,
				A6FD32CA129606476C3DAB16 /* AppServices.swift */,
				C9C613A5C0AB46074022ED10 /* PhotoFlowShortcuts.swift */,
				D2FF546BEC5023F23323CDC0 /* SessionStatusIntent.swift */,
				3A0A7827D86EA12C4E5D679B /* ShowReviewIntent.swift */,
				D7ABC0D81EE55A09C59EA739 /* StartPipelineIntent.swift */,
				41F6EEB9BFE5553BE8883871 /* ToggleWatchIntent.swift */,
			);
			path = Intents;
			sourceTree = "<group>";
		};
		ADCC61FD074DBC3AC472A844 /* Products */ = {
			isa = PBXGroup;
			children = (
				9E004565387636287CADBBEE /* PhotoFlow.app */,
				E77A76B28B5B2D57EEDEBC3F /* PhotoFlowTests.xctest */,
			);
			name = Products;
			sourceTree = "<group>";
		};
		CDA72CFD93879AB370BC5E6F /* Models */ = {
			isa = PBXGroup;
			children = (
				83D7AE05B80A7B44D2B244CB /* AppSettings.swift */,
				80B78757C80052743BF6680B /* BracketGroup.swift */,
				DC6DB1ED9A17258B186DA24A /* DashboardStep.swift */,
				81818FB45B057F04C0487565 /* PhotoItem.swift */,
				D894C147AD10AEB84D67A008 /* PhotoNote.swift */,
				78FB5F4124C051FBCF5BAA73 /* PipelineState.swift */,
				9B5C78734D65FD86D57C916F /* PipelineStep.swift */,
				FE736FC6AE961F0303A83433 /* StepStatus.swift */,
			);
			path = Models;
			sourceTree = "<group>";
		};
		D3D4522FE1C1946EE8C1DA17 /* Dictation */ = {
			isa = PBXGroup;
			children = (
				09126C3FA79F50675EABFC46 /* kylskapet_trasigt_stopp_sv.m4a */,
			);
			path = Dictation;
			sourceTree = "<group>";
		};
		DACD201DC6D34DC5C53AE346 /* Pipeline */ = {
			isa = PBXGroup;
			children = (
				E5DB3A99AD7128B30E2F8B89 /* PipelineRunner.swift */,
				705897AC201BF6521922250B /* PipelineRunner+AddressCorrection.swift */,
				EFE1925080EB1C0287843A6E /* PipelineRunner+AITagging.swift */,
				C0CB9F8F402094288E8307CB /* PipelineRunner+Brackets.swift */,
				FA78BF98C76E73289FDE191D /* PipelineRunner+Calendar.swift */,
				5E415E22A558BC52CAA2A98E /* PipelineRunner+Culling.swift */,
				5FDBA9911E8C73F6226423B7 /* PipelineRunner+DNG.swift */,
				07F438E24E4E1E4884E9C260 /* PipelineRunner+HDR.swift */,
				04F7EB11531DBB10EA697354 /* PipelineRunner+Lightroom.swift */,
				641FF12CDBCFCA494956CF3A /* PipelineRunner+LoadSession.swift */,
				18FEAA9B84EC62BC44C9AEB6 /* PipelineRunner+Metadata.swift */,
				D339827929C97F1ECCE40F1B /* PipelineRunner+Previews.swift */,
				C0B3F0C52E9F93DB7285FCE3 /* PipelineRunner+SortFolders.swift */,
				786C7DA81AF1DAB9E76EF216 /* ProcessRunner.swift */,
			);
			path = Pipeline;
			sourceTree = "<group>";
		};
		E8DA6B3C49760AC4B5E88324 /* Services */ = {
			isa = PBXGroup;
			children = (
				8487E9F676AFEA6DF4FFAE0B /* AddressFolderLayout.swift */,
				97F73B1E75EF61D038F41B3C /* AudioService.swift */,
				99DE72B4988EC0200DA1F366 /* BookingTitleParser.swift */,
				6BEACCFCA1D65C2CB03FB654 /* BracketAnalyzer.swift */,
				7CFA4B712D2C1C7EB5465997 /* CalendarService.swift */,
				AF63168D1774C3566A1890FF /* DependencyManager.swift */,
				DEC3191F1157C25BEECE9449 /* DictationService.swift */,
				6FA0704B9EE5AE323F93639B /* ExifReader.swift */,
				B3179C516B7035D66EE62DB1 /* FileSafety.swift */,
				A744F8E9CC36AC9DFDE19C79 /* NotesManager.swift */,
				130D67322F34D53E2FC1D475 /* NotificationService.swift */,
				29BD20E600D143019797F30D /* PhotoDescriptionService.swift */,
				E7D6EBC16408E26632B79421 /* PhotoQualityService.swift */,
				B05548288B2EBB830BA02C5E /* ToolLocator.swift */,
				946EF029FC6B8E82370D3CED /* TranslationService.swift */,
				7C75DCF5203EC0F7258AF011 /* VisionTaggingService.swift */,
				FD8B3E2EDBB94C385E77AC28 /* WatchService.swift */,
				01E7F04C9EF5E3EC658F1267 /* HDR */,
				DACD201DC6D34DC5C53AE346 /* Pipeline */,
			);
			path = Services;
			sourceTree = "<group>";
		};
/* End PBXGroup section */

/* Begin PBXNativeTarget section */
		3D4774B480F6D9D80673EB78 /* PhotoFlow */ = {
			isa = PBXNativeTarget;
			buildConfigurationList = CBDBED0A3B81FF317BCABFAC /* Build configuration list for PBXNativeTarget "PhotoFlow" */;
			buildPhases = (
				E7A48916E3ACF328FE83BD24 /* Sources */,
				03A7C3B0FD17923A70F803F9 /* Resources */,
				82278D3FAB6AAFFB11C16590 /* Frameworks */,
			);
			buildRules = (
			);
			dependencies = (
			);
			name = PhotoFlow;
			packageProductDependencies = (
			);
			productName = PhotoFlow;
			productReference = 9E004565387636287CADBBEE /* PhotoFlow.app */;
			productType = "com.apple.product-type.application";
		};
		90FE1B29AC675A742DFF7E1B /* PhotoFlowTests */ = {
			isa = PBXNativeTarget;
			buildConfigurationList = 4CF6844E9C1DB425E4CDFF0C /* Build configuration list for PBXNativeTarget "PhotoFlowTests" */;
			buildPhases = (
				E739C6982307C06BCA7B91BE /* Sources */,
				A4C2F77EC89EC7123A23D6E8 /* Resources */,
			);
			buildRules = (
			);
			dependencies = (
				D531C520C2906D13E1BDCF04 /* PBXTargetDependency */,
			);
			name = PhotoFlowTests;
			packageProductDependencies = (
			);
			productName = PhotoFlowTests;
			productReference = E77A76B28B5B2D57EEDEBC3F /* PhotoFlowTests.xctest */;
			productType = "com.apple.product-type.bundle.unit-test";
		};
/* End PBXNativeTarget section */

/* Begin PBXProject section */
		CD722B396F7FFCD3A00A38DF /* Project object */ = {
			isa = PBXProject;
			attributes = {
				BuildIndependentTargetsInParallel = YES;
				LastUpgradeCheck = 1600;
			};
			buildConfigurationList = 79E1BFA7B12CE70B239B3920 /* Build configuration list for PBXProject "PhotoFlow" */;
			compatibilityVersion = "Xcode 14.0";
			developmentRegion = en;
			hasScannedForEncodings = 0;
			knownRegions = (
				Base,
				en,
			);
			mainGroup = 390E362E842D1752743B3378;
			minimizedProjectReferenceProxies = 1;
			preferredProjectObjectVersion = 77;
			projectDirPath = "";
			projectRoot = "";
			targets = (
				3D4774B480F6D9D80673EB78 /* PhotoFlow */,
				90FE1B29AC675A742DFF7E1B /* PhotoFlowTests */,
			);
		};
/* End PBXProject section */

/* Begin PBXResourcesBuildPhase section */
		03A7C3B0FD17923A70F803F9 /* Resources */ = {
			isa = PBXResourcesBuildPhase;
			buildActionMask = 2147483647;
			files = (
				FA497D8851D429850EF87A22 /* Assets.xcassets in Resources */,
			);
			runOnlyForDeploymentPostprocessing = 0;
		};
		A4C2F77EC89EC7123A23D6E8 /* Resources */ = {
			isa = PBXResourcesBuildPhase;
			buildActionMask = 2147483647;
			files = (
				BC519EC3070BFAA701BF2E3B /* bracket3_subsec.csv in Resources */,
				71945C6F41E31D4D713341C5 /* bracket3_subsec.expected.json in Resources */,
				F5A6FCDFD1840F958A411050 /* bracket5_dark.csv in Resources */,
				4D3D45974C80EC64587BBEDB /* bracket5_dark.expected.json in Resources */,
				F475F55913EBEC734B07B804 /* kylskapet_trasigt_stopp_sv.m4a in Resources */,
				516E82FA90FBEE36563B0C2A /* singles.csv in Resources */,
				8ADAF496A047B2BDDCB9026B /* singles.expected.json in Resources */,
				8C8CF30C2B6DCF305DDAF09B /* two_brackets_and_gap.csv in Resources */,
				58A4D7FA7B7EB8C8FC4C9650 /* two_brackets_and_gap.expected.json in Resources */,
			);
			runOnlyForDeploymentPostprocessing = 0;
		};
/* End PBXResourcesBuildPhase section */

/* Begin PBXSourcesBuildPhase section */
		E739C6982307C06BCA7B91BE /* Sources */ = {
			isa = PBXSourcesBuildPhase;
			buildActionMask = 2147483647;
			files = (
				1AFF966D2C5667ACE1F566E6 /* AITagsStoreTests.swift in Sources */,
				697AD790BAFB2EC4F9081715 /* AddressFolderLayoutTests.swift in Sources */,
				1DC634D2BEBD40662EB3A3EF /* AddressSessionLoaderTests.swift in Sources */,
				031801251F874CE82ABEFAC8 /* AppSettingsSDCardTests.swift in Sources */,
				B8A0310BEABA3558EA84DDA4 /* BookingTitleParserTests.swift in Sources */,
				F5C93C83D3D455CECE7F5834 /* BracketAnalyzerParityTests.swift in Sources */,
				D455CF3094B4E2B9C74C9FBA /* BracketOrganizeFoldersTests.swift in Sources */,
				76AD25703B7CD22D2AF084E4 /* CalendarServiceTests.swift in Sources */,
				2B4826D74AF5BBF694349A19 /* DictationServiceTests.swift in Sources */,
				568133390BEFCB9706281CAF /* ExposureFusionTests.swift in Sources */,
				C0DF8632A117D8C2600B0B6E /* FileSafetyTests.swift in Sources */,
				16E4F2B124398CEDA374CDF1 /* PhotoDescriptionServiceTests.swift in Sources */,
				36B6A70D89662E7E7205B5E2 /* PhotoQualityServiceTests.swift in Sources */,
				EA06314597C317B4BD9069BB /* PipelineRunnerAddressCorrectionTests.swift in Sources */,
				57D2A984CB59C9E5C3C6BA2E /* PipelineRunnerCullSafetyTests.swift in Sources */,
				F4FF2B039B629C11D41C99EB /* PipelineRunnerCullingTests.swift in Sources */,
				B84578962BD67E124F5E67C5 /* PipelineRunnerHDROrphanTests.swift in Sources */,
				68699E34360BE0D07D58EB95 /* PipelineRunnerLightroomTests.swift in Sources */,
				03A356792358F22F5CF85514 /* PipelineRunnerMetadataTests.swift in Sources */,
				7FAF8CDAD6EC48E21A14EB68 /* PipelineSmokeTest.swift in Sources */,
				E9F8D54758C9BB977709079A /* PipelineStateAddressCorrectionTests.swift in Sources */,
				CA69A9936A1575D09D4FE8CF /* PipelineStateCullDecisionsTests.swift in Sources */,
				58966C64E8FB2BC7A9681D24 /* PipelineStateLoggingTests.swift in Sources */,
				0F80E6F85550AF9B6387D636 /* ProcessCancellationBoxTests.swift in Sources */,
				108B328AE8B95041422CC2DE /* RAWRendererTests.swift in Sources */,
				1E93AFB7726AF98B211ECFF2 /* StepStatusTests.swift in Sources */,
				61DD9A6E20F903CBD3F19F27 /* ToolLocatorTests.swift in Sources */,
				D1D3217157939F4F4A6A7503 /* TranslationServiceTests.swift in Sources */,
				6F371AB884CD7E018EB5D88B /* WatchServiceDebounceStabilityTests.swift in Sources */,
				AA1852DBA57FA0051A3FF9EC /* WatchServiceFileIdentityTests.swift in Sources */,
			);
			runOnlyForDeploymentPostprocessing = 0;
		};
		E7A48916E3ACF328FE83BD24 /* Sources */ = {
			isa = PBXSourcesBuildPhase;
			buildActionMask = 2147483647;
			files = (
				D8D8FFA6CAFDE04A092BB491 /* AddressBanner.swift in Sources */,
				EC45D31CD45B1472B2657EF9 /* AddressFolderLayout.swift in Sources */,
				1DCBC2CE6B96D60DA5417507 /* AddressSessionEntity.swift in Sources */,
				EF641A4D0FAEA376FD76403E /* AddressSessionLoader.swift in Sources */,
				7989A2940BFFD47970671D95 /* AppServices.swift in Sources */,
				D922C28ED4E9A2CCE49C29F9 /* AppSettings.swift in Sources */,
				2E6B87610B4551C5B2B978B1 /* AudioService.swift in Sources */,
				58989B348529FC53D1DC3AD4 /* BookingTitleParser.swift in Sources */,
				1D3E74541BEE9797B0CCF2AD /* BracketAnalyzer.swift in Sources */,
				FEC5BFF1850289A0D6530DDC /* BracketGroup.swift in Sources */,
				DE054EA5F41BBFB3ED6F9697 /* BracketReviewView.swift in Sources */,
				0D48002A6E2A57144C384E9A /* CalendarService.swift in Sources */,
				6E72A8D41A6CB0B986CAAF42 /* ContentView.swift in Sources */,
				D28FF223F4DD2E06F13914CE /* CountdownOverlay.swift in Sources */,
				38A042D3F5195C20B210C8A3 /* DashboardStep.swift in Sources */,
				A38504921BB482E4F3D59BBE /* DashboardView.swift in Sources */,
				73EEFBCCB85532865E3F63E9 /* DependencyManager.swift in Sources */,
				7187E7AB4A00672596608C12 /* DictationPanelView.swift in Sources */,
				5286C11972938728901F1FE8 /* DictationService.swift in Sources */,
				B188A57475FF936519295B32 /* ExifReader.swift in Sources */,
				7CE65CE8AF5D4E4EA3C7C70B /* ExposureFusion.swift in Sources */,
				9814CBC0E96361BA1DAFE613 /* FileSafety.swift in Sources */,
				C43DA861284AEBFBDD8F6047 /* HDRAlignment.swift in Sources */,
				0A254571BE69397054E47C89 /* HDREngine.swift in Sources */,
				A41A216481CE30D8D17FDAFE /* HDRWriter.swift in Sources */,
				9AEB695371EDAEC78EFAD571 /* LocalImageView.swift in Sources */,
				0A920AE3F7F2BF2E2C1A141A /* NotesManager.swift in Sources */,
				356136488F9E61973450A2FB /* NotificationService.swift in Sources */,
				F8F289B627B89178C2F705E2 /* PhotoDescriptionService.swift in Sources */,
				D4E8B25EF56984E792860C17 /* PhotoFlowApp.swift in Sources */,
				89BC4F5B43DCA138E6ABB560 /* PhotoFlowShortcuts.swift in Sources */,
				0F6B2A6A185C80AEDD89611B /* PhotoItem.swift in Sources */,
				513BB703639F818E84E1920A /* PhotoNote.swift in Sources */,
				9B872DB3E052F9DA71D52818 /* PhotoQualityService.swift in Sources */,
				F3BDF5DC49407FE557906A04 /* PipelineRunner+AITagging.swift in Sources */,
				CC54EF14493163219A5966FB /* PipelineRunner+AddressCorrection.swift in Sources */,
				2EE8C2B22453A62D257341F4 /* PipelineRunner+Brackets.swift in Sources */,
				A227D21813EA38555E784E2C /* PipelineRunner+Calendar.swift in Sources */,
				0DA02DBD56174A0784297599 /* PipelineRunner+Culling.swift in Sources */,
				F3AD0122521C335A3B2BDECC /* PipelineRunner+DNG.swift in Sources */,
				9D6A966DFEADD444C24BB645 /* PipelineRunner+HDR.swift in Sources */,
				E7E42A0887D9258A3FCE7B8C /* PipelineRunner+Lightroom.swift in Sources */,
				2C5BBA7F4AD7146E61BDC6A6 /* PipelineRunner+LoadSession.swift in Sources */,
				2426E63F1EF24FE42444257F /* PipelineRunner+Metadata.swift in Sources */,
				1C3E7FBDFF194E6627C3610B /* PipelineRunner+Previews.swift in Sources */,
				EA4E5832C8F7898B5BD863E6 /* PipelineRunner+SortFolders.swift in Sources */,
				A12C9183B1EB5B4E6C232CF3 /* PipelineRunner.swift in Sources */,
				70D6B6BC07D487CE12288CB2 /* PipelineState.swift in Sources */,
				75AAE4D2FD5931E697F5B2A0 /* PipelineStep.swift in Sources */,
				65BF33C26FC4038D88720266 /* PreviewCullView.swift in Sources */,
				141C35E348C121F5A5419E43 /* ProcessRunner.swift in Sources */,
				27554CDFAA48F1DB3AD0F72F /* RAWRenderer.swift in Sources */,
				768168E0617FC976E2F3936F /* SessionStatusIntent.swift in Sources */,
				BAFC8EE66AAFCD940587B052 /* SettingsView.swift in Sources */,
				220473BEF62812870BB7435C /* ShowReviewIntent.swift in Sources */,
				A48970BF8D8D5C5ED96CF0AD /* StartPipelineIntent.swift in Sources */,
				9D8F4DE0885D55B7C8280318 /* StepCardView.swift in Sources */,
				70BDAEDAF1F167AF3DCDEB16 /* StepStatus.swift in Sources */,
				4330EA71DFBD5C0C677E03A0 /* ToggleWatchIntent.swift in Sources */,
				11EF61AE9F95C30FF9E40E63 /* ToolLocator.swift in Sources */,
				0BC4E6F7B5881C02478E834F /* TranslationService.swift in Sources */,
				BC940806996D910CA009348B /* VisionTaggingService.swift in Sources */,
				429A79924D4794EF23FC9379 /* WatchService.swift in Sources */,
			);
			runOnlyForDeploymentPostprocessing = 0;
		};
/* End PBXSourcesBuildPhase section */

/* Begin PBXTargetDependency section */
		D531C520C2906D13E1BDCF04 /* PBXTargetDependency */ = {
			isa = PBXTargetDependency;
			target = 3D4774B480F6D9D80673EB78 /* PhotoFlow */;
			targetProxy = B3E121D375DEFDF14C98EBC4 /* PBXContainerItemProxy */;
		};
/* End PBXTargetDependency section */

/* Begin XCBuildConfiguration section */
		7ABB31BA71C9BE3D3F0CF0C3 /* Debug */ = {
			isa = XCBuildConfiguration;
			buildSettings = {
				BUNDLE_LOADER = "$(TEST_HOST)";
				CODE_SIGNING_REQUIRED = NO;
				CODE_SIGN_IDENTITY = "-";
				COMBINE_HIDPI_IMAGES = YES;
				GENERATE_INFOPLIST_FILE = YES;
				LD_RUNPATH_SEARCH_PATHS = (
					"$(inherited)",
					"@executable_path/../Frameworks",
					"@loader_path/../Frameworks",
				);
				PRODUCT_BUNDLE_IDENTIFIER = com.photoflow.PhotoFlowTests;
				SDKROOT = macosx;
				TEST_HOST = "$(BUILT_PRODUCTS_DIR)/PhotoFlow.app/Contents/MacOS/PhotoFlow";
			};
			name = Debug;
		};
		7EFA2E3E97FD6613494FAF8E /* Debug */ = {
			isa = XCBuildConfiguration;
			buildSettings = {
				ALWAYS_SEARCH_USER_PATHS = NO;
				CLANG_ANALYZER_NONNULL = YES;
				CLANG_ANALYZER_NUMBER_OBJECT_CONVERSION = YES_AGGRESSIVE;
				CLANG_CXX_LANGUAGE_STANDARD = "gnu++14";
				CLANG_CXX_LIBRARY = "libc++";
				CLANG_ENABLE_MODULES = YES;
				CLANG_ENABLE_OBJC_ARC = YES;
				CLANG_ENABLE_OBJC_WEAK = YES;
				CLANG_WARN_BLOCK_CAPTURE_AUTORELEASING = YES;
				CLANG_WARN_BOOL_CONVERSION = YES;
				CLANG_WARN_COMMA = YES;
				CLANG_WARN_CONSTANT_CONVERSION = YES;
				CLANG_WARN_DEPRECATED_OBJC_IMPLEMENTATIONS = YES;
				CLANG_WARN_DIRECT_OBJC_ISA_USAGE = YES_ERROR;
				CLANG_WARN_DOCUMENTATION_COMMENTS = YES;
				CLANG_WARN_EMPTY_BODY = YES;
				CLANG_WARN_ENUM_CONVERSION = YES;
				CLANG_WARN_INFINITE_RECURSION = YES;
				CLANG_WARN_INT_CONVERSION = YES;
				CLANG_WARN_NON_LITERAL_NULL_CONVERSION = YES;
				CLANG_WARN_OBJC_IMPLICIT_RETAIN_SELF = YES;
				CLANG_WARN_OBJC_LITERAL_CONVERSION = YES;
				CLANG_WARN_OBJC_ROOT_CLASS = YES_ERROR;
				CLANG_WARN_QUOTED_INCLUDE_IN_FRAMEWORK_HEADER = YES;
				CLANG_WARN_RANGE_LOOP_ANALYSIS = YES;
				CLANG_WARN_STRICT_PROTOTYPES = YES;
				CLANG_WARN_SUSPICIOUS_MOVE = YES;
				CLANG_WARN_UNGUARDED_AVAILABILITY = YES_AGGRESSIVE;
				CLANG_WARN_UNREACHABLE_CODE = YES;
				CLANG_WARN__DUPLICATE_METHOD_MATCH = YES;
				COPY_PHASE_STRIP = NO;
				DEBUG_INFORMATION_FORMAT = dwarf;
				ENABLE_STRICT_OBJC_MSGSEND = YES;
				ENABLE_TESTABILITY = YES;
				GCC_C_LANGUAGE_STANDARD = gnu11;
				GCC_DYNAMIC_NO_PIC = NO;
				GCC_NO_COMMON_BLOCKS = YES;
				GCC_OPTIMIZATION_LEVEL = 0;
				GCC_PREPROCESSOR_DEFINITIONS = (
					"$(inherited)",
					"DEBUG=1",
				);
				GCC_WARN_64_TO_32_BIT_CONVERSION = YES;
				GCC_WARN_ABOUT_RETURN_TYPE = YES_ERROR;
				GCC_WARN_UNDECLARED_SELECTOR = YES;
				GCC_WARN_UNINITIALIZED_AUTOS = YES_AGGRESSIVE;
				GCC_WARN_UNUSED_FUNCTION = YES;
				GCC_WARN_UNUSED_VARIABLE = YES;
				MACOSX_DEPLOYMENT_TARGET = 26.0;
				MTL_ENABLE_DEBUG_INFO = INCLUDE_SOURCE;
				MTL_FAST_MATH = YES;
				ONLY_ACTIVE_ARCH = YES;
				PRODUCT_NAME = "$(TARGET_NAME)";
				SDKROOT = macosx;
				SWIFT_ACTIVE_COMPILATION_CONDITIONS = DEBUG;
				SWIFT_APPROACHABLE_CONCURRENCY = YES;
				SWIFT_DEFAULT_ACTOR_ISOLATION = MainActor;
				SWIFT_OPTIMIZATION_LEVEL = "-Onone";
				SWIFT_VERSION = 6.0;
			};
			name = Debug;
		};
		B9343A084361915E7762626F /* Release */ = {
			isa = XCBuildConfiguration;
			buildSettings = {
				ASSETCATALOG_COMPILER_APPICON_NAME = AppIcon;
				CODE_SIGNING_REQUIRED = NO;
				CODE_SIGN_ENTITLEMENTS = PhotoFlow.entitlements;
				CODE_SIGN_IDENTITY = "-";
				COMBINE_HIDPI_IMAGES = YES;
				CURRENT_PROJECT_VERSION = 1;
				ENABLE_HARDENED_RUNTIME = NO;
				GENERATE_INFOPLIST_FILE = YES;
				INFOPLIST_KEY_CFBundleDisplayName = PhotoFlow;
				INFOPLIST_KEY_LSApplicationCategoryType = "public.app-category.photography";
				INFOPLIST_KEY_NSCalendarsUsageDescription = "PhotoFlow läser din kalender för att matcha fotograferingar med bokningsadresser och organisera filerna i adressmappar.";
				INFOPLIST_KEY_NSHumanReadableCopyright = "";
				INFOPLIST_KEY_NSMicrophoneUsageDescription = "PhotoFlow använder mikrofonen för att spela in röstanteckningar till bilder.";
				INFOPLIST_KEY_NSSpeechRecognitionUsageDescription = "PhotoFlow använder taligenkänning för att transkribera röstanteckningar till text.";
				LD_RUNPATH_SEARCH_PATHS = (
					"$(inherited)",
					"@executable_path/../Frameworks",
				);
				MARKETING_VERSION = 1.0.0;
				PRODUCT_BUNDLE_IDENTIFIER = com.photoflow.app;
				PRODUCT_NAME = PhotoFlow;
				SDKROOT = macosx;
			};
			name = Release;
		};
		E8A996B66074B2C77778E752 /* Release */ = {
			isa = XCBuildConfiguration;
			buildSettings = {
				ALWAYS_SEARCH_USER_PATHS = NO;
				CLANG_ANALYZER_NONNULL = YES;
				CLANG_ANALYZER_NUMBER_OBJECT_CONVERSION = YES_AGGRESSIVE;
				CLANG_CXX_LANGUAGE_STANDARD = "gnu++14";
				CLANG_CXX_LIBRARY = "libc++";
				CLANG_ENABLE_MODULES = YES;
				CLANG_ENABLE_OBJC_ARC = YES;
				CLANG_ENABLE_OBJC_WEAK = YES;
				CLANG_WARN_BLOCK_CAPTURE_AUTORELEASING = YES;
				CLANG_WARN_BOOL_CONVERSION = YES;
				CLANG_WARN_COMMA = YES;
				CLANG_WARN_CONSTANT_CONVERSION = YES;
				CLANG_WARN_DEPRECATED_OBJC_IMPLEMENTATIONS = YES;
				CLANG_WARN_DIRECT_OBJC_ISA_USAGE = YES_ERROR;
				CLANG_WARN_DOCUMENTATION_COMMENTS = YES;
				CLANG_WARN_EMPTY_BODY = YES;
				CLANG_WARN_ENUM_CONVERSION = YES;
				CLANG_WARN_INFINITE_RECURSION = YES;
				CLANG_WARN_INT_CONVERSION = YES;
				CLANG_WARN_NON_LITERAL_NULL_CONVERSION = YES;
				CLANG_WARN_OBJC_IMPLICIT_RETAIN_SELF = YES;
				CLANG_WARN_OBJC_LITERAL_CONVERSION = YES;
				CLANG_WARN_OBJC_ROOT_CLASS = YES_ERROR;
				CLANG_WARN_QUOTED_INCLUDE_IN_FRAMEWORK_HEADER = YES;
				CLANG_WARN_RANGE_LOOP_ANALYSIS = YES;
				CLANG_WARN_STRICT_PROTOTYPES = YES;
				CLANG_WARN_SUSPICIOUS_MOVE = YES;
				CLANG_WARN_UNGUARDED_AVAILABILITY = YES_AGGRESSIVE;
				CLANG_WARN_UNREACHABLE_CODE = YES;
				CLANG_WARN__DUPLICATE_METHOD_MATCH = YES;
				COPY_PHASE_STRIP = NO;
				DEBUG_INFORMATION_FORMAT = "dwarf-with-dsym";
				ENABLE_NS_ASSERTIONS = NO;
				ENABLE_STRICT_OBJC_MSGSEND = YES;
				GCC_C_LANGUAGE_STANDARD = gnu11;
				GCC_NO_COMMON_BLOCKS = YES;
				GCC_WARN_64_TO_32_BIT_CONVERSION = YES;
				GCC_WARN_ABOUT_RETURN_TYPE = YES_ERROR;
				GCC_WARN_UNDECLARED_SELECTOR = YES;
				GCC_WARN_UNINITIALIZED_AUTOS = YES_AGGRESSIVE;
				GCC_WARN_UNUSED_FUNCTION = YES;
				GCC_WARN_UNUSED_VARIABLE = YES;
				MACOSX_DEPLOYMENT_TARGET = 26.0;
				MTL_ENABLE_DEBUG_INFO = NO;
				MTL_FAST_MATH = YES;
				PRODUCT_NAME = "$(TARGET_NAME)";
				SDKROOT = macosx;
				SWIFT_APPROACHABLE_CONCURRENCY = YES;
				SWIFT_COMPILATION_MODE = wholemodule;
				SWIFT_DEFAULT_ACTOR_ISOLATION = MainActor;
				SWIFT_OPTIMIZATION_LEVEL = "-O";
				SWIFT_VERSION = 6.0;
			};
			name = Release;
		};
		EDB8F9BD47ACDADE52D5A6F1 /* Debug */ = {
			isa = XCBuildConfiguration;
			buildSettings = {
				ASSETCATALOG_COMPILER_APPICON_NAME = AppIcon;
				CODE_SIGNING_REQUIRED = NO;
				CODE_SIGN_ENTITLEMENTS = PhotoFlow.entitlements;
				CODE_SIGN_IDENTITY = "-";
				COMBINE_HIDPI_IMAGES = YES;
				CURRENT_PROJECT_VERSION = 1;
				ENABLE_HARDENED_RUNTIME = NO;
				GENERATE_INFOPLIST_FILE = YES;
				INFOPLIST_KEY_CFBundleDisplayName = PhotoFlow;
				INFOPLIST_KEY_LSApplicationCategoryType = "public.app-category.photography";
				INFOPLIST_KEY_NSCalendarsUsageDescription = "PhotoFlow läser din kalender för att matcha fotograferingar med bokningsadresser och organisera filerna i adressmappar.";
				INFOPLIST_KEY_NSHumanReadableCopyright = "";
				INFOPLIST_KEY_NSMicrophoneUsageDescription = "PhotoFlow använder mikrofonen för att spela in röstanteckningar till bilder.";
				INFOPLIST_KEY_NSSpeechRecognitionUsageDescription = "PhotoFlow använder taligenkänning för att transkribera röstanteckningar till text.";
				LD_RUNPATH_SEARCH_PATHS = (
					"$(inherited)",
					"@executable_path/../Frameworks",
				);
				MARKETING_VERSION = 1.0.0;
				PRODUCT_BUNDLE_IDENTIFIER = com.photoflow.app;
				PRODUCT_NAME = PhotoFlow;
				SDKROOT = macosx;
			};
			name = Debug;
		};
		F02DBF05BFD52F1526125C89 /* Release */ = {
			isa = XCBuildConfiguration;
			buildSettings = {
				BUNDLE_LOADER = "$(TEST_HOST)";
				CODE_SIGNING_REQUIRED = NO;
				CODE_SIGN_IDENTITY = "-";
				COMBINE_HIDPI_IMAGES = YES;
				GENERATE_INFOPLIST_FILE = YES;
				LD_RUNPATH_SEARCH_PATHS = (
					"$(inherited)",
					"@executable_path/../Frameworks",
					"@loader_path/../Frameworks",
				);
				PRODUCT_BUNDLE_IDENTIFIER = com.photoflow.PhotoFlowTests;
				SDKROOT = macosx;
				TEST_HOST = "$(BUILT_PRODUCTS_DIR)/PhotoFlow.app/Contents/MacOS/PhotoFlow";
			};
			name = Release;
		};
/* End XCBuildConfiguration section */

/* Begin XCConfigurationList section */
		4CF6844E9C1DB425E4CDFF0C /* Build configuration list for PBXNativeTarget "PhotoFlowTests" */ = {
			isa = XCConfigurationList;
			buildConfigurations = (
				7ABB31BA71C9BE3D3F0CF0C3 /* Debug */,
				F02DBF05BFD52F1526125C89 /* Release */,
			);
			defaultConfigurationIsVisible = 0;
			defaultConfigurationName = Debug;
		};
		79E1BFA7B12CE70B239B3920 /* Build configuration list for PBXProject "PhotoFlow" */ = {
			isa = XCConfigurationList;
			buildConfigurations = (
				7EFA2E3E97FD6613494FAF8E /* Debug */,
				E8A996B66074B2C77778E752 /* Release */,
			);
			defaultConfigurationIsVisible = 0;
			defaultConfigurationName = Debug;
		};
		CBDBED0A3B81FF317BCABFAC /* Build configuration list for PBXNativeTarget "PhotoFlow" */ = {
			isa = XCConfigurationList;
			buildConfigurations = (
				EDB8F9BD47ACDADE52D5A6F1 /* Debug */,
				B9343A084361915E7762626F /* Release */,
			);
			defaultConfigurationIsVisible = 0;
			defaultConfigurationName = Debug;
		};
/* End XCConfigurationList section */
	};
	rootObject = CD722B396F7FFCD3A00A38DF /* Project object */;
}
